
Microsoft Visual Studio Solution File, Format Version 12.00
# Visual Studio Version 16
VisualStudioVersion = 16.0.30907.101
MinimumVisualStudioVersion = 10.0.40219.1
Project("{9A19103F-16F7-4668-BE54-9A1E7A4F7556}") = "ContactsAPI.Tests", "ContactsAPI.Tests\ContactsAPI.Tests.csproj", "{5CE9F7EF-3CDF-49E8-A577-BB7953455F34}"
EndProject
Project("{9A19103F-16F7-4668-BE54-9A1E7A4F7556}") = "ContactsAPI", "ContactsAPI\ContactsAPI.csproj", "{3C9926B5-83E8-4027-A3A0-93B96619942A}"
EndProject
Global
	GlobalSection(SolutionConfigurationPlatforms) = preSolution
		Debug|Any CPU = Debug|Any CPU
		Release|Any CPU = Release|Any CPU
	EndGlobalSection
	GlobalSection(ProjectConfigurationPlatforms) = postSolution
		{5CE9F7EF-3CDF-49E8-A577-BB7953455F34}.Debug|Any CPU.ActiveCfg = Debug|Any CPU
		{5CE9F7EF-3CDF-49E8-A577-BB7953455F34}.Debug|Any CPU.Build.0 = Debug|Any CPU
		{5CE9F7EF-3CDF-49E8-A577-BB7953455F34}.Release|Any CPU.ActiveCfg = Release|Any CPU
		{5CE9F7EF-3CDF-49E8-A577-BB7953455F34}.Release|Any CPU.Build.0 = Release|Any CPU
		{3C9926B5-83E8-4027-A3A0-93B96619942A}.Debug|Any CPU.ActiveCfg = Debug|Any CPU
		{3C9926B5-83E8-4027-A3A0-93B96619942A}.Debug|Any CPU.Build.0 = Debug|Any CPU
		{3C9926B5-83E8-4027-A3A0-93B96619942A}.Release|Any CPU.ActiveCfg = Release|Any CPU
		{3C9926B5-83E8-4027-A3A0-93B96619942A}.Release|Any CPU.Build.0 = Release|Any CPU
	EndGlobalSection
	GlobalSection(SolutionProperties) = preSolution
		HideSolutionNode = FALSE
	EndGlobalSection
	GlobalSection(ExtensibilityGlobals) = postSolution
		SolutionGuid = {68BA31A5-0AD2-47B9-953D-481B66C4B3C5}
	EndGlobalSection
EndGlobal
